
Microsoft Visual Studio Solution File, Format Version 12.00
# Visual Studio Version 16
VisualStudioVersion = 16.0.29920.165
MinimumVisualStudioVersion = 10.0.40219.1
Project("{9A19103F-16F7-4668-BE54-9A1E7A4F7556}") = "BukPartnerIntegration", "BukPartnerIntegration\BukPartnerIntegration.csproj", "{3DAB7AAC-2296-4E1A-A7A9-EDEE3998B12F}"
EndProject
Project("{9A19103F-16F7-4668-BE54-9A1E7A4F7556}") = "API.GV.DAO", "API.GV.DAO\API.GV.DAO.csproj", "{5A8BEA2D-B7C5-43C2-B253-3E9EB7F24A70}"
EndProject
Project("{9A19103F-16F7-4668-BE54-9A1E7A4F7556}") = "API.BUK.DAO", "API.BUK.DAO\API.BUK.DAO.csproj", "{E029F1A0-28D3-4187-B5F9-0E65078EBB2D}"
EndProject
Project("{2150E333-8FDC-42A3-9474-1A3956D46DE8}") = "GV", "GV", "{DC69FAD1-CD6F-4924-9F26-28F5204E7BD4}"
EndProject
Project("{2150E333-8FDC-42A3-9474-1A3956D46DE8}") = "BUK", "BUK", "{A7EB9ECE-1C21-4772-A1AA-719FE6C1AA14}"
EndProject
Project("{9A19103F-16F7-4668-BE54-9A1E7A4F7556}") = "API.GV.DTO", "API.GV.DTO\API.GV.DTO.csproj", "{DE83651C-E3B0-45FB-92AC-C6F2A1BEABB8}"
EndProject
Project("{9A19103F-16F7-4668-BE54-9A1E7A4F7556}") = "API.BUK.DTO", "API.BUK.DTO\API.BUK.DTO.csproj", "{A415AA60-9B82-49EA-9044-ADF733D2A056}"
EndProject
Project("{9A19103F-16F7-4668-BE54-9A1E7A4F7556}") = "API.Helpers", "API.Helpers\API.Helpers.csproj", "{25602D3B-756F-49AC-BF78-AE57F88BF452}"
EndProject
Project("{9A19103F-16F7-4668-BE54-9A1E7A4F7556}") = "BusinessLogic.Interfaces", "BusinessLogic.Interfaces\BusinessLogic.Interfaces.csproj", "{4E55E3A9-53E7-4E44-9E92-98D22AE0660B}"
EndProject
Project("{9A19103F-16F7-4668-BE54-9A1E7A4F7556}") = "BusinessLogic.Implementation", "BusinessLogic.Implementation\BusinessLogic.Implementation.csproj", "{F13B67F3-90D4-4867-8B24-F4E21E3553D5}"
EndProject
Project("{9A19103F-16F7-4668-BE54-9A1E7A4F7556}") = "API.GV.IDAO", "API.GV.IDAO\API.GV.IDAO.csproj", "{C58599C1-0A1A-4ED6-9B01-C2B81821F40E}"
EndProject
Project("{9A19103F-16F7-4668-BE54-9A1E7A4F7556}") = "API.BUK.IDAO", "API.BUK.IDAO\API.BUK.IDAO.csproj", "{AE9DB13D-E0B4-4105-94BC-92423D438080}"
EndProject
Project("{9A19103F-16F7-4668-BE54-9A1E7A4F7556}") = "CompanyBuilder", "ModuleBuilder\CompanyBuilder.csproj", "{5002D6CF-B77B-41D2-8BF1-7AFDEBA74765}"
EndProject
Global
	GlobalSection(SolutionConfigurationPlatforms) = preSolution
		Debug|Any CPU = Debug|Any CPU
		Release|Any CPU = Release|Any CPU
	EndGlobalSection
	GlobalSection(ProjectConfigurationPlatforms) = postSolution
		{3DAB7AAC-2296-4E1A-A7A9-EDEE3998B12F}.Debug|Any CPU.ActiveCfg = Debug|Any CPU
		{3DAB7AAC-2296-4E1A-A7A9-EDEE3998B12F}.Debug|Any CPU.Build.0 = Debug|Any CPU
		{3DAB7AAC-2296-4E1A-A7A9-EDEE3998B12F}.Release|Any CPU.ActiveCfg = Release|Any CPU
		{3DAB7AAC-2296-4E1A-A7A9-EDEE3998B12F}.Release|Any CPU.Build.0 = Release|Any CPU
		{5A8BEA2D-B7C5-43C2-B253-3E9EB7F24A70}.Debug|Any CPU.ActiveCfg = Debug|Any CPU
		{5A8BEA2D-B7C5-43C2-B253-3E9EB7F24A70}.Debug|Any CPU.Build.0 = Debug|Any CPU
		{5A8BEA2D-B7C5-43C2-B253-3E9EB7F24A70}.Release|Any CPU.ActiveCfg = Release|Any CPU
		{5A8BEA2D-B7C5-43C2-B253-3E9EB7F24A70}.Release|Any CPU.Build.0 = Release|Any CPU
		{E029F1A0-28D3-4187-B5F9-0E65078EBB2D}.Debug|Any CPU.ActiveCfg = Debug|Any CPU
		{E029F1A0-28D3-4187-B5F9-0E65078EBB2D}.Debug|Any CPU.Build.0 = Debug|Any CPU
		{E029F1A0-28D3-4187-B5F9-0E65078EBB2D}.Release|Any CPU.ActiveCfg = Release|Any CPU
		{E029F1A0-28D3-4187-B5F9-0E65078EBB2D}.Release|Any CPU.Build.0 = Release|Any CPU
		{DE83651C-E3B0-45FB-92AC-C6F2A1BEABB8}.Debug|Any CPU.ActiveCfg = Debug|Any CPU
		{DE83651C-E3B0-45FB-92AC-C6F2A1BEABB8}.Debug|Any CPU.Build.0 = Debug|Any CPU
		{DE83651C-E3B0-45FB-92AC-C6F2A1BEABB8}.Release|Any CPU.ActiveCfg = Release|Any CPU
		{DE83651C-E3B0-45FB-92AC-C6F2A1BEABB8}.Release|Any CPU.Build.0 = Release|Any CPU
		{A415AA60-9B82-49EA-9044-ADF733D2A056}.Debug|Any CPU.ActiveCfg = Debug|Any CPU
		{A415AA60-9B82-49EA-9044-ADF733D2A056}.Debug|Any CPU.Build.0 = Debug|Any CPU
		{A415AA60-9B82-49EA-9044-ADF733D2A056}.Release|Any CPU.ActiveCfg = Release|Any CPU
		{A415AA60-9B82-49EA-9044-ADF733D2A056}.Release|Any CPU.Build.0 = Release|Any CPU
		{25602D3B-756F-49AC-BF78-AE57F88BF452}.Debug|Any CPU.ActiveCfg = Debug|Any CPU
		{25602D3B-756F-49AC-BF78-AE57F88BF452}.Debug|Any CPU.Build.0 = Debug|Any CPU
		{25602D3B-756F-49AC-BF78-AE57F88BF452}.Release|Any CPU.ActiveCfg = Release|Any CPU
		{25602D3B-756F-49AC-BF78-AE57F88BF452}.Release|Any CPU.Build.0 = Release|Any CPU
		{4E55E3A9-53E7-4E44-9E92-98D22AE0660B}.Debug|Any CPU.ActiveCfg = Debug|Any CPU
		{4E55E3A9-53E7-4E44-9E92-98D22AE0660B}.Debug|Any CPU.Build.0 = Debug|Any CPU
		{4E55E3A9-53E7-4E44-9E92-98D22AE0660B}.Release|Any CPU.ActiveCfg = Release|Any CPU
		{4E55E3A9-53E7-4E44-9E92-98D22AE0660B}.Release|Any CPU.Build.0 = Release|Any CPU
		{F13B67F3-90D4-4867-8B24-F4E21E3553D5}.Debug|Any CPU.ActiveCfg = Debug|Any CPU
		{F13B67F3-90D4-4867-8B24-F4E21E3553D5}.Debug|Any CPU.Build.0 = Debug|Any CPU
		{F13B67F3-90D4-4867-8B24-F4E21E3553D5}.Release|Any CPU.ActiveCfg = Release|Any CPU
		{F13B67F3-90D4-4867-8B24-F4E21E3553D5}.Release|Any CPU.Build.0 = Release|Any CPU
		{C58599C1-0A1A-4ED6-9B01-C2B81821F40E}.Debug|Any CPU.ActiveCfg = Debug|Any CPU
		{C58599C1-0A1A-4ED6-9B01-C2B81821F40E}.Debug|Any CPU.Build.0 = Debug|Any CPU
		{C58599C1-0A1A-4ED6-9B01-C2B81821F40E}.Release|Any CPU.ActiveCfg = Release|Any CPU
		{C58599C1-0A1A-4ED6-9B01-C2B81821F40E}.Release|Any CPU.Build.0 = Release|Any CPU
		{AE9DB13D-E0B4-4105-94BC-92423D438080}.Debug|Any CPU.ActiveCfg = Debug|Any CPU
		{AE9DB13D-E0B4-4105-94BC-92423D438080}.Debug|Any CPU.Build.0 = Debug|Any CPU
		{AE9DB13D-E0B4-4105-94BC-92423D438080}.Release|Any CPU.ActiveCfg = Release|Any CPU
		{AE9DB13D-E0B4-4105-94BC-92423D438080}.Release|Any CPU.Build.0 = Release|Any CPU
		{5002D6CF-B77B-41D2-8BF1-7AFDEBA74765}.Debug|Any CPU.ActiveCfg = Debug|Any CPU
		{5002D6CF-B77B-41D2-8BF1-7AFDEBA74765}.Debug|Any CPU.Build.0 = Debug|Any CPU
		{5002D6CF-B77B-41D2-8BF1-7AFDEBA74765}.Release|Any CPU.ActiveCfg = Release|Any CPU
		{5002D6CF-B77B-41D2-8BF1-7AFDEBA74765}.Release|Any CPU.Build.0 = Release|Any CPU
	EndGlobalSection
	GlobalSection(SolutionProperties) = preSolution
		HideSolutionNode = FALSE
	EndGlobalSection
	GlobalSection(NestedProjects) = preSolution
		{5A8BEA2D-B7C5-43C2-B253-3E9EB7F24A70} = {DC69FAD1-CD6F-4924-9F26-28F5204E7BD4}
		{E029F1A0-28D3-4187-B5F9-0E65078EBB2D} = {A7EB9ECE-1C21-4772-A1AA-719FE6C1AA14}
		{DE83651C-E3B0-45FB-92AC-C6F2A1BEABB8} = {DC69FAD1-CD6F-4924-9F26-28F5204E7BD4}
		{A415AA60-9B82-49EA-9044-ADF733D2A056} = {A7EB9ECE-1C21-4772-A1AA-719FE6C1AA14}
		{C58599C1-0A1A-4ED6-9B01-C2B81821F40E} = {DC69FAD1-CD6F-4924-9F26-28F5204E7BD4}
		{AE9DB13D-E0B4-4105-94BC-92423D438080} = {A7EB9ECE-1C21-4772-A1AA-719FE6C1AA14}
	EndGlobalSection
	GlobalSection(ExtensibilityGlobals) = postSolution
		SolutionGuid = {AAB6CEB3-2644-4274-92B7-A0E97788CDA8}
	EndGlobalSection
EndGlobal
